// !$*UTF8*$!
{
	archiveVersion = 1;
	classes = {
	};
	objectVersion = 55;
	objects = {

/* Begin PBXBuildFile section */
		845EEB9B278896B60000F150 /* ToDo_App_WidgetApp.swift in Sources */ = {isa = PBXBuildFile; fileRef = 845EEB9A278896B60000F150 /* ToDo_App_WidgetApp.swift */; };
		845EEB9D278896B60000F150 /* ContentView.swift in Sources */ = {isa = PBXBuildFile; fileRef = 845EEB9C278896B60000F150 /* ContentView.swift */; };
		845EEB9F278896B80000F150 /* Assets.xcassets in Resources */ = {isa = PBXBuildFile; fileRef = 845EEB9E278896B80000F150 /* Assets.xcassets */; };
		845EEBA2278896B80000F150 /* Preview Assets.xcassets in Resources */ = {isa = PBXBuildFile; fileRef = 845EEBA1278896B80000F150 /* Preview Assets.xcassets */; };
		845EEBA4278896B80000F150 /* Persistence.swift in Sources */ = {isa = PBXBuildFile; fileRef = 845EEBA3278896B80000F150 /* Persistence.swift */; };
		845EEBA7278896B80000F150 /* ToDo_App_Widget.xcdatamodeld in Sources */ = {isa = PBXBuildFile; fileRef = 845EEBA5278896B80000F150 /* ToDo_App_Widget.xcdatamodeld */; };
		845EEBB0278897A30000F150 /* sound-rise.mp3 in Resources */ = {isa = PBXBuildFile; fileRef = 845EEBAD278897A30000F150 /* sound-rise.mp3 */; };
		845EEBB1278897A30000F150 /* sound-ding.mp3 in Resources */ = {isa = PBXBuildFile; fileRef = 845EEBAE278897A30000F150 /* sound-ding.mp3 */; };
		845EEBB2278897A30000F150 /* sound-tap.mp3 in Resources */ = {isa = PBXBuildFile; fileRef = 845EEBAF278897A30000F150 /* sound-tap.mp3 */; };
		845EEBC6278B015A0000F150 /* Content.swift in Sources */ = {isa = PBXBuildFile; fileRef = 845EEBC5278B015A0000F150 /* Content.swift */; };
		845EEBC9278B08670000F150 /* Item+CoreDataClass.swift in Sources */ = {isa = PBXBuildFile; fileRef = 845EEBC7278B08670000F150 /* Item+CoreDataClass.swift */; };
		845EEBCA278B08670000F150 /* Item+CoreDataProperties.swift in Sources */ = {isa = PBXBuildFile; fileRef = 845EEBC8278B08670000F150 /* Item+CoreDataProperties.swift */; };
		845EEBCC278B41DA0000F150 /* HideKeyboardExtension.swift in Sources */ = {isa = PBXBuildFile; fileRef = 845EEBCB278B41DA0000F150 /* HideKeyboardExtension.swift */; };
/* End PBXBuildFile section */

/* Begin PBXFileReference section */
		845EEB97278896B60000F150 /* ToDo-App&Widget.app */ = {isa = PBXFileReference; explicitFileType = wrapper.application; includeInIndex = 0; path = "ToDo-App&Widget.app"; sourceTree = BUILT_PRODUCTS_DIR; };
		845EEB9A278896B60000F150 /* ToDo_App_WidgetApp.swift */ = {isa = PBXFileReference; lastKnownFileType = sourcecode.swift; path = ToDo_App_WidgetApp.swift; sourceTree = "<group>"; };
		845EEB9C278896B60000F150 /* ContentView.swift */ = {isa = PBXFileReference; lastKnownFileType = sourcecode.swift; path = ContentView.swift; sourceTree = "<group>"; };
		845EEB9E278896B80000F150 /* Assets.xcassets */ = {isa = PBXFileReference; lastKnownFileType = folder.assetcatalog; path = Assets.xcassets; sourceTree = "<group>"; };
		845EEBA1278896B80000F150 /* Preview Assets.xcassets */ = {isa = PBXFileReference; lastKnownFileType = folder.assetcatalog; path = "Preview Assets.xcassets"; sourceTree = "<group>"; };
		845EEBA3278896B80000F150 /* Persistence.swift */ = {isa = PBXFileReference; lastKnownFileType = sourcecode.swift; path = Persistence.swift; sourceTree = "<group>"; };
		845EEBA6278896B80000F150 /* ToDo_App_Widget.xcdatamodel */ = {isa = PBXFileReference; lastKnownFileType = wrapper.xcdatamodel; path = ToDo_App_Widget.xcdatamodel; sourceTree = "<group>"; };
		845EEBAD278897A30000F150 /* sound-rise.mp3 */ = {isa = PBXFileReference; lastKnownFileType = audio.mp3; path = "sound-rise.mp3"; sourceTree = "<group>"; };
		845EEBAE278897A30000F150 /* sound-ding.mp3 */ = {isa = PBXFileReference; lastKnownFileType = audio.mp3; path = "sound-ding.mp3"; sourceTree = "<group>"; };
		845EEBAF278897A30000F150 /* sound-tap.mp3 */ = {isa = PBXFileReference; lastKnownFileType = audio.mp3; path = "sound-tap.mp3"; sourceTree = "<group>"; };
		845EEBBC278898C30000F150 /* ToDo-App-Widget-Info.plist */ = {isa = PBXFileReference; lastKnownFileType = text.plist; path = "ToDo-App-Widget-Info.plist"; sourceTree = SOURCE_ROOT; };
		845EEBC5278B015A0000F150 /* Content.swift */ = {isa = PBXFileReference; lastKnownFileType = sourcecode.swift; path = Content.swift; sourceTree = "<group>"; };
		845EEBC7278B08670000F150 /* Item+CoreDataClass.swift */ = {isa = PBXFileReference; lastKnownFileType = sourcecode.swift; path = "Item+CoreDataClass.swift"; sourceTree = "<group>"; };
		845EEBC8278B08670000F150 /* Item+CoreDataProperties.swift */ = {isa = PBXFileReference; lastKnownFileType = sourcecode.swift; path = "Item+CoreDataProperties.swift"; sourceTree = "<group>"; };
		845EEBCB278B41DA0000F150 /* HideKeyboardExtension.swift */ = {isa = PBXFileReference; lastKnownFileType = sourcecode.swift; path = HideKeyboardExtension.swift; sourceTree = "<group>"; };
/* End PBXFileReference section */

/* Begin PBXFrameworksBuildPhase section */
		845EEB94278896B60000F150 /* Frameworks */ = {
			isa = PBXFrameworksBuildPhase;
			buildActionMask = 2147483647;
			files = (
			);
			runOnlyForDeploymentPostprocessing = 0;
		};
/* End PBXFrameworksBuildPhase section */

/* Begin PBXGroup section */
		845EEB8E278896B60000F150 = {
			isa = PBXGroup;
			children = (
				845EEBC7278B08670000F150 /* Item+CoreDataClass.swift */,
				845EEBC8278B08670000F150 /* Item+CoreDataProperties.swift */,
				845EEB99278896B60000F150 /* ToDo-App&Widget */,
				845EEB98278896B60000F150 /* Products */,
			);
			sourceTree = "<group>";
		};
		845EEB98278896B60000F150 /* Products */ = {
			isa = PBXGroup;
			children = (
				845EEB97278896B60000F150 /* ToDo-App&Widget.app */,
			);
			name = Products;
			sourceTree = "<group>";
		};
		845EEB99278896B60000F150 /* ToDo-App&Widget */ = {
			isa = PBXGroup;
			children = (
				845EEBBC278898C30000F150 /* ToDo-App-Widget-Info.plist */,
				845EEB9A278896B60000F150 /* ToDo_App_WidgetApp.swift */,
				845EEBBB278898850000F150 /* View */,
				845EEBB9278898510000F150 /* Model */,
				845EEBB7278897FA0000F150 /* Extension */,
				845EEBB6278897EC0000F150 /* Utility */,
				845EEBB5278897E10000F150 /* Style */,
				845EEBB3278897B30000F150 /* Sound */,
				845EEB9E278896B80000F150 /* Assets.xcassets */,
				845EEBA0278896B80000F150 /* Preview Content */,
			);
			path = "ToDo-App&Widget";
			sourceTree = "<group>";
		};
		845EEBA0278896B80000F150 /* Preview Content */ = {
			isa = PBXGroup;
			children = (
				845EEBA1278896B80000F150 /* Preview Assets.xcassets */,
			);
			path = "Preview Content";
			sourceTree = "<group>";
		};
		845EEBB3278897B30000F150 /* Sound */ = {
			isa = PBXGroup;
			children = (
				845EEBAE278897A30000F150 /* sound-ding.mp3 */,
				845EEBAD278897A30000F150 /* sound-rise.mp3 */,
				845EEBAF278897A30000F150 /* sound-tap.mp3 */,
			);
			path = Sound;
			sourceTree = "<group>";
		};
		845EEBB5278897E10000F150 /* Style */ = {
			isa = PBXGroup;
			children = (
			);
			path = Style;
			sourceTree = "<group>";
		};
		845EEBB6278897EC0000F150 /* Utility */ = {
			isa = PBXGroup;
			children = (
				845EEBC5278B015A0000F150 /* Content.swift */,
			);
			path = Utility;
			sourceTree = "<group>";
		};
		845EEBB7278897FA0000F150 /* Extension */ = {
			isa = PBXGroup;
			children = (
				845EEBCB278B41DA0000F150 /* HideKeyboardExtension.swift */,
			);
			path = Extension;
			sourceTree = "<group>";
		};
		845EEBB9278898510000F150 /* Model */ = {
			isa = PBXGroup;
			children = (
				845EEBA5278896B80000F150 /* ToDo_App_Widget.xcdatamodeld */,
				845EEBA3278896B80000F150 /* Persistence.swift */,
			);
			path = Model;
			sourceTree = "<group>";
		};
		845EEBBB278898850000F150 /* View */ = {
			isa = PBXGroup;
			children = (
				845EEB9C278896B60000F150 /* ContentView.swift */,
			);
			path = View;
			sourceTree = "<group>";
		};
/* End PBXGroup section */

/* Begin PBXNativeTarget section */
		845EEB96278896B60000F150 /* ToDo-App&Widget */ = {
			isa = PBXNativeTarget;
			buildConfigurationList = 845EEBAA278896B80000F150 /* Build configuration list for PBXNativeTarget "ToDo-App&Widget" */;
			buildPhases = (
				845EEB93278896B60000F150 /* Sources */,
				845EEB94278896B60000F150 /* Frameworks */,
				845EEB95278896B60000F150 /* Resources */,
			);
			buildRules = (
			);
			dependencies = (
			);
			name = "ToDo-App&Widget";
			productName = "ToDo-App&Widget";
			productReference = 845EEB97278896B60000F150 /* ToDo-App&Widget.app */;
			productType = "com.apple.product-type.application";
		};
/* End PBXNativeTarget section */

/* Begin PBXProject section */
		845EEB8F278896B60000F150 /* Project object */ = {
			isa = PBXProject;
			attributes = {
				BuildIndependentTargetsInParallel = 1;
				LastSwiftUpdateCheck = 1320;
				LastUpgradeCheck = 1320;
				TargetAttributes = {
					845EEB96278896B60000F150 = {
						CreatedOnToolsVersion = 13.2.1;
					};
				};
			};
			buildConfigurationList = 845EEB92278896B60000F150 /* Build configuration list for PBXProject "ToDo-App&Widget" */;
			compatibilityVersion = "Xcode 13.0";
			developmentRegion = en;
			hasScannedForEncodings = 0;
			knownRegions = (
				en,
				Base,
			);
			mainGroup = 845EEB8E278896B60000F150;
			productRefGroup = 845EEB98278896B60000F150 /* Products */;
			projectDirPath = "";
			projectRoot = "";
			targets = (
				845EEB96278896B60000F150 /* ToDo-App&Widget */,
			);
		};
/* End PBXProject section */

/* Begin PBXResourcesBuildPhase section */
		845EEB95278896B60000F150 /* Resources */ = {
			isa = PBXResourcesBuildPhase;
			buildActionMask = 2147483647;
			files = (
				845EEBB1278897A30000F150 /* sound-ding.mp3 in Resources */,
				845EEBB0278897A30000F150 /* sound-rise.mp3 in Resources */,
				845EEBA2278896B80000F150 /* Preview Assets.xcassets in Resources */,
				845EEBB2278897A30000F150 /* sound-tap.mp3 in Resources */,
				845EEB9F278896B80000F150 /* Assets.xcassets in Resources */,
			);
			runOnlyForDeploymentPostprocessing = 0;
		};
/* End PBXResourcesBuildPhase section */

/* Begin PBXSourcesBuildPhase section */
		845EEB93278896B60000F150 /* Sources */ = {
			isa = PBXSourcesBuildPhase;
			buildActionMask = 2147483647;
			files = (
				845EEBA4278896B80000F150 /* Persistence.swift in Sources */,
				845EEBC6278B015A0000F150 /* Content.swift in Sources */,
				845EEBA7278896B80000F150 /* ToDo_App_Widget.xcdatamodeld in Sources */,
				845EEB9D278896B60000F150 /* ContentView.swift in Sources */,
				845EEBCA278B08670000F150 /* Item+CoreDataProperties.swift in Sources */,
				845EEBC9278B08670000F150 /* Item+CoreDataClass.swift in Sources */,
				845EEBCC278B41DA0000F150 /* HideKeyboardExtension.swift in Sources */,
				845EEB9B278896B60000F150 /* ToDo_App_WidgetApp.swift in Sources */,
			);
			runOnlyForDeploymentPostprocessing = 0;
		};
/* End PBXSourcesBuildPhase section */

/* Begin XCBuildConfiguration section */
		845EEBA8278896B80000F150 /* Debug */ = {
			isa = XCBuildConfiguration;
			buildSettings = {
				ALWAYS_SEARCH_USER_PATHS = NO;
				CLANG_ANALYZER_NONNULL = YES;
				CLANG_ANALYZER_NUMBER_OBJECT_CONVERSION = YES_AGGRESSIVE;
				CLANG_CXX_LANGUAGE_STANDARD = "gnu++17";
				CLANG_CXX_LIBRARY = "libc++";
				CLANG_ENABLE_MODULES = YES;
				CLANG_ENABLE_OBJC_ARC = YES;
				CLANG_ENABLE_OBJC_WEAK = YES;
				CLANG_WARN_BLOCK_CAPTURE_AUTORELEASING = YES;
				CLANG_WARN_BOOL_CONVERSION = YES;
				CLANG_WARN_COMMA = YES;
				CLANG_WARN_CONSTANT_CONVERSION = YES;
				CLANG_WARN_DEPRECATED_OBJC_IMPLEMENTATIONS = YES;
				CLANG_WARN_DIRECT_OBJC_ISA_USAGE = YES_ERROR;
				CLANG_WARN_DOCUMENTATION_COMMENTS = YES;
				CLANG_WARN_EMPTY_BODY = YES;
				CLANG_WARN_ENUM_CONVERSION = YES;
				CLANG_WARN_INFINITE_RECURSION = YES;
				CLANG_WARN_INT_CONVERSION = YES;
				CLANG_WARN_NON_LITERAL_NULL_CONVERSION = YES;
				CLANG_WARN_OBJC_IMPLICIT_RETAIN_SELF = YES;
				CLANG_WARN_OBJC_LITERAL_CONVERSION = YES;
				CLANG_WARN_OBJC_ROOT_CLASS = YES_ERROR;
				CLANG_WARN_QUOTED_INCLUDE_IN_FRAMEWORK_HEADER = YES;
				CLANG_WARN_RANGE_LOOP_ANALYSIS = YES;
				CLANG_WARN_STRICT_PROTOTYPES = YES;
				CLANG_WARN_SUSPICIOUS_MOVE = YES;
				CLANG_WARN_UNGUARDED_AVAILABILITY = YES_AGGRESSIVE;
				CLANG_WARN_UNREACHABLE_CODE = YES;
				CLANG_WARN__DUPLICATE_METHOD_MATCH = YES;
				COPY_PHASE_STRIP = NO;
				DEBUG_INFORMATION_FORMAT = dwarf;
				ENABLE_STRICT_OBJC_MSGSEND = YES;
				ENABLE_TESTABILITY = YES;
				GCC_C_LANGUAGE_STANDARD = gnu11;
				GCC_DYNAMIC_NO_PIC = NO;
				GCC_NO_COMMON_BLOCKS = YES;
				GCC_OPTIMIZATION_LEVEL = 0;
				GCC_PREPROCESSOR_DEFINITIONS = (
					"DEBUG=1",
					"$(inherited)",
				);
				GCC_WARN_64_TO_32_BIT_CONVERSION = YES;
				GCC_WARN_ABOUT_RETURN_TYPE = YES_ERROR;
				GCC_WARN_UNDECLARED_SELECTOR = YES;
				GCC_WARN_UNINITIALIZED_AUTOS = YES_AGGRESSIVE;
				GCC_WARN_UNUSED_FUNCTION = YES;
				GCC_WARN_UNUSED_VARIABLE = YES;
				IPHONEOS_DEPLOYMENT_TARGET = 14.0;
				MTL_ENABLE_DEBUG_INFO = INCLUDE_SOURCE;
				MTL_FAST_MATH = YES;
				ONLY_ACTIVE_ARCH = YES;
				SDKROOT = iphoneos;
				SWIFT_ACTIVE_COMPILATION_CONDITIONS = DEBUG;
				SWIFT_OPTIMIZATION_LEVEL = "-Onone";
			};
			name = Debug;
		};
		845EEBA9278896B80000F150 /* Release */ = {
			isa = XCBuildConfiguration;
			buildSettings = {
				ALWAYS_SEARCH_USER_PATHS = NO;
				CLANG_ANALYZER_NONNULL = YES;
				CLANG_ANALYZER_NUMBER_OBJECT_CONVERSION = YES_AGGRESSIVE;
				CLANG_CXX_LANGUAGE_STANDARD = "gnu++17";
				CLANG_CXX_LIBRARY = "libc++";
				CLANG_ENABLE_MODULES = YES;
				CLANG_ENABLE_OBJC_ARC = YES;
				CLANG_ENABLE_OBJC_WEAK = YES;
				CLANG_WARN_BLOCK_CAPTURE_AUTORELEASING = YES;
				CLANG_WARN_BOOL_CONVERSION = YES;
				CLANG_WARN_COMMA = YES;
				CLANG_WARN_CONSTANT_CONVERSION = YES;
				CLANG_WARN_DEPRECATED_OBJC_IMPLEMENTATIONS = YES;
				CLANG_WARN_DIRECT_OBJC_ISA_USAGE = YES_ERROR;
				CLANG_WARN_DOCUMENTATION_COMMENTS = YES;
				CLANG_WARN_EMPTY_BODY = YES;
				CLANG_WARN_ENUM_CONVERSION = YES;
				CLANG_WARN_INFINITE_RECURSION = YES;
				CLANG_WARN_INT_CONVERSION = YES;
				CLANG_WARN_NON_LITERAL_NULL_CONVERSION = YES;
				CLANG_WARN_OBJC_IMPLICIT_RETAIN_SELF = YES;
				CLANG_WARN_OBJC_LITERAL_CONVERSION = YES;
				CLANG_WARN_OBJC_ROOT_CLASS = YES_ERROR;
				CLANG_WARN_QUOTED_INCLUDE_IN_FRAMEWORK_HEADER = YES;
				CLANG_WARN_RANGE_LOOP_ANALYSIS = YES;
				CLANG_WARN_STRICT_PROTOTYPES = YES;
				CLANG_WARN_SUSPICIOUS_MOVE = YES;
				CLANG_WARN_UNGUARDED_AVAILABILITY = YES_AGGRESSIVE;
				CLANG_WARN_UNREACHABLE_CODE = YES;
				CLANG_WARN__DUPLICATE_METHOD_MATCH = YES;
				COPY_PHASE_STRIP = NO;
				DEBUG_INFORMATION_FORMAT = "dwarf-with-dsym";
				ENABLE_NS_ASSERTIONS = NO;
				ENABLE_STRICT_OBJC_MSGSEND = YES;
				GCC_C_LANGUAGE_STANDARD = gnu11;
				GCC_NO_COMMON_BLOCKS = YES;
				GCC_WARN_64_TO_32_BIT_CONVERSION = YES;
				GCC_WARN_ABOUT_RETURN_TYPE = YES_ERROR;
				GCC_WARN_UNDECLARED_SELECTOR = YES;
				GCC_WARN_UNINITIALIZED_AUTOS = YES_AGGRESSIVE;
				GCC_WARN_UNUSED_FUNCTION = YES;
				GCC_WARN_UNUSED_VARIABLE = YES;
				IPHONEOS_DEPLOYMENT_TARGET = 14.0;
				MTL_ENABLE_DEBUG_INFO = NO;
				MTL_FAST_MATH = YES;
				SDKROOT = iphoneos;
				SWIFT_COMPILATION_MODE = wholemodule;
				SWIFT_OPTIMIZATION_LEVEL = "-O";
				VALIDATE_PRODUCT = YES;
			};
			name = Release;
		};
		845EEBAB278896B80000F150 /* Debug */ = {
			isa = XCBuildConfiguration;
			buildSettings = {
				ASSETCATALOG_COMPILER_APPICON_NAME = AppIcon;
				ASSETCATALOG_COMPILER_GLOBAL_ACCENT_COLOR_NAME = AccentColor;
				CODE_SIGN_STYLE = Automatic;
				CURRENT_PROJECT_VERSION = 1;
				DEVELOPMENT_ASSET_PATHS = "\"ToDo-App&Widget/Preview Content\"";
				DEVELOPMENT_TEAM = 5NV8L9334K;
				ENABLE_PREVIEWS = YES;
				GENERATE_INFOPLIST_FILE = YES;
				INFOPLIST_FILE = "ToDo-App-Widget-Info.plist";
				INFOPLIST_KEY_UIApplicationSceneManifest_Generation = YES;
				INFOPLIST_KEY_UIApplicationSupportsIndirectInputEvents = YES;
				INFOPLIST_KEY_UISupportedInterfaceOrientations_iPad = "UIInterfaceOrientationPortrait UIInterfaceOrientationPortraitUpsideDown UIInterfaceOrientationLandscapeLeft UIInterfaceOrientationLandscapeRight";
				INFOPLIST_KEY_UISupportedInterfaceOrientations_iPhone = "UIInterfaceOrientationPortrait UIInterfaceOrientationLandscapeLeft UIInterfaceOrientationLandscapeRight";
				LD_RUNPATH_SEARCH_PATHS = (
					"$(inherited)",
					"@executable_path/Frameworks",
				);
				MARKETING_VERSION = 1.0;
				PRODUCT_BUNDLE_IDENTIFIER = "Kamonpan.ToDo-App-Widget";
				PRODUCT_NAME = "$(TARGET_NAME)";
				SWIFT_EMIT_LOC_STRINGS = YES;
				SWIFT_VERSION = 5.0;
				TARGETED_DEVICE_FAMILY = "1,2";
			};
			name = Debug;
		};
		845EEBAC278896B80000F150 /* Release */ = {
			isa = XCBuildConfiguration;
			buildSettings = {
				ASSETCATALOG_COMPILER_APPICON_NAME = AppIcon;
				ASSETCATALOG_COMPILER_GLOBAL_ACCENT_COLOR_NAME = AccentColor;
				CODE_SIGN_STYLE = Automatic;
				CURRENT_PROJECT_VERSION = 1;
				DEVELOPMENT_ASSET_PATHS = "\"ToDo-App&Widget/Preview Content\"";
				DEVELOPMENT_TEAM = 5NV8L9334K;
				ENABLE_PREVIEWS = YES;
				GENERATE_INFOPLIST_FILE = YES;
				INFOPLIST_FILE = "ToDo-App-Widget-Info.plist";
				INFOPLIST_KEY_UIApplicationSceneManifest_Generation = YES;
				INFOPLIST_KEY_UIApplicationSupportsIndirectInputEvents = YES;
				INFOPLIST_KEY_UISupportedInterfaceOrientations_iPad = "UIInterfaceOrientationPortrait UIInterfaceOrientationPortraitUpsideDown UIInterfaceOrientationLandscapeLeft UIInterfaceOrientationLandscapeRight";
				INFOPLIST_KEY_UISupportedInterfaceOrientations_iPhone = "UIInterfaceOrientationPortrait UIInterfaceOrientationLandscapeLeft UIInterfaceOrientationLandscapeRight";
				LD_RUNPATH_SEARCH_PATHS = (
					"$(inherited)",
					"@executable_path/Frameworks",
				);
				MARKETING_VERSION = 1.0;
				PRODUCT_BUNDLE_IDENTIFIER = "Kamonpan.ToDo-App-Widget";
				PRODUCT_NAME = "$(TARGET_NAME)";
				SWIFT_EMIT_LOC_STRINGS = YES;
				SWIFT_VERSION = 5.0;
				TARGETED_DEVICE_FAMILY = "1,2";
			};
			name = Release;
		};
/* End XCBuildConfiguration section */

/* Begin XCConfigurationList section */
		845EEB92278896B60000F150 /* Build configuration list for PBXProject "ToDo-App&Widget" */ = {
			isa = XCConfigurationList;
			buildConfigurations = (
				845EEBA8278896B80000F150 /* Debug */,
				845EEBA9278896B80000F150 /* Release */,
			);
			defaultConfigurationIsVisible = 0;
			defaultConfigurationName = Release;
		};
		845EEBAA278896B80000F150 /* Build configuration list for PBXNativeTarget "ToDo-App&Widget" */ = {
			isa = XCConfigurationList;
			buildConfigurations = (
				845EEBAB278896B80000F150 /* Debug */,
				845EEBAC278896B80000F150 /* Release */,
			);
			defaultConfigurationIsVisible = 0;
			defaultConfigurationName = Release;
		};
/* End XCConfigurationList section */

/* Begin XCVersionGroup section */
		845EEBA5278896B80000F150 /* ToDo_App_Widget.xcdatamodeld */ = {
			isa = XCVersionGroup;
			children = (
				845EEBA6278896B80000F150 /* ToDo_App_Widget.xcdatamodel */,
			);
			currentVersion = 845EEBA6278896B80000F150 /* ToDo_App_Widget.xcdatamodel */;
			path = ToDo_App_Widget.xcdatamodeld;
			sourceTree = "<group>";
			versionGroupType = wrapper.xcdatamodel;
		};
/* End XCVersionGroup section */
	};
	rootObject = 845EEB8F278896B60000F150 /* Project object */;
}
